<?xml version="1.0" encoding="utf-8"?>
<Project ToolsVersion="4.0" xmlns="http://schemas.microsoft.com/developer/msbuild/2003">
  <ItemGroup>
    <Filter Include="Source Files">
      <UniqueIdentifier>{4FC737F1-C7A5-4376-A066-2A32D752A2FF}</UniqueIdentifier>
      <Extensions>cpp;c;cc;cxx;def;odl;idl;hpj;bat;asm;asmx</Extensions>
    </Filter>
    <Filter Include="Source Files\Objects">
      <UniqueIdentifier>{7d06a525-f84c-4630-b8f7-ca207f52baa7}</UniqueIdentifier>
    </Filter>
    <Filter Include="Source Files\Scene">
      <UniqueIdentifier>{899802c6-2202-412f-a79c-1410043c1f2f}</UniqueIdentifier>
    </Filter>
    <Filter Include="Source Files\Camera">
      <UniqueIdentifier>{4b5b1ec4-228c-4864-9e36-02b2efc7e792}</UniqueIdentifier>
    </Filter>
    <Filter Include="Source Files\Properties">
      <UniqueIdentifier>{bc4121be-dab0-42e4-b832-5a1439da10fc}</UniqueIdentifier>
    </Filter>
    <Filter Include="Source Files\Utilities">
      <UniqueIdentifier>{7b0bbd79-cd49-4687-aa8f-e617e431b607}</UniqueIdentifier>
    </Filter>
    <Filter Include="Source Files\Manager">
      <UniqueIdentifier>{216b1d14-e994-499f-a828-2603d719f02d}</UniqueIdentifier>
    </Filter>
    <Filter Include="Source Files\Material">
      <UniqueIdentifier>{9c60715f-1002-4dc6-b835-c278bb4f7082}</UniqueIdentifier>
    </Filter>
    <Filter Include="Source Files\Lights">
      <UniqueIdentifier>{2188161e-30b8-404d-9c69-a9cf50442901}</UniqueIdentifier>
    </Filter>
    <Filter Include="Source Files\Component">
      <UniqueIdentifier>{5a8e8d9f-2fa7-49e1-8446-bb35c52af54b}</UniqueIdentifier>
    </Filter>
    <Filter Include="Source Files\SkyBox">
      <UniqueIdentifier>{d060378f-2a01-4ae4-a139-22132bd43028}</UniqueIdentifier>
    </Filter>
    <Filter Include="Source Files\Scene\GameplayScenes">
      <UniqueIdentifier>{3f39a18c-9138-43c3-85c0-00716c1207b5}</UniqueIdentifier>
    </Filter>
    <Filter Include="Source Files\Objects\GameplayObjects">
      <UniqueIdentifier>{059c7854-c213-4336-8d54-a9965fba2927}</UniqueIdentifier>
    </Filter>
    <Filter Include="Source Files\Level">
      <UniqueIdentifier>{2f60499c-6584-4a96-bd63-e9f3ce190204}</UniqueIdentifier>
    </Filter>
  </ItemGroup>
  <ItemGroup>
    <ClInclude Include="..\..\source\SceneManager\Objects\Object.h">
      <Filter>Source Files\Objects</Filter>
    </ClInclude>
    <ClInclude Include="..\..\source\SceneManager\SceneManager.h">
      <Filter>Source Files</Filter>
    </ClInclude>
    <ClInclude Include="..\..\source\SceneManager\Scene\Scene.h">
      <Filter>Source Files\Scene</Filter>
    </ClInclude>
    <ClInclude Include="..\..\source\SceneManager\Objects\Cube.h">
      <Filter>Source Files\Objects</Filter>
    </ClInclude>
    <ClInclude Include="..\..\source\SceneManager\Objects\Mesh.h">
      <Filter>Source Files\Objects</Filter>
    </ClInclude>
    <ClInclude Include="..\..\source\SceneManager\Objects\Plane.h">
      <Filter>Source Files\Objects</Filter>
    </ClInclude>
    <ClInclude Include="..\..\source\SceneManager\Objects\Sphere.h">
      <Filter>Source Files\Objects</Filter>
    </ClInclude>
    <ClInclude Include="..\..\source\SceneManager\Objects\Torus.h">
      <Filter>Source Files\Objects</Filter>
    </ClInclude>
    <ClInclude Include="..\..\source\SceneManager\Camera\Camera.h">
      <Filter>Source Files\Camera</Filter>
    </ClInclude>
    <ClInclude Include="..\..\source\SceneManager\Camera\PerspectiveCamera.h">
      <Filter>Source Files\Camera</Filter>
    </ClInclude>
    <ClInclude Include="..\..\source\SceneManager\Utilities\Transform.h">
      <Filter>Source Files\Utilities</Filter>
    </ClInclude>
    <ClInclude Include="..\..\source\SceneManager\Manager\MaterialManager.h">
      <Filter>Source Files\Manager</Filter>
    </ClInclude>
    <ClInclude Include="..\..\source\SceneManager\Manager\ShaderListManager.h">
      <Filter>Source Files\Manager</Filter>
    </ClInclude>
    <ClInclude Include="..\..\source\SceneManager\Manager\TextureManager.h">
      <Filter>Source Files\Manager</Filter>
    </ClInclude>
    <ClInclude Include="..\..\source\SceneManager\Material\Material.h">
      <Filter>Source Files\Material</Filter>
    </ClInclude>
    <ClInclude Include="..\..\source\SceneManager\Manager\GeometryManager.h">
      <Filter>Source Files\Manager</Filter>
    </ClInclude>
    <ClInclude Include="..\..\source\SceneManager\Manager\TypedefID.h">
      <Filter>Source Files\Manager</Filter>
    </ClInclude>
    <ClInclude Include="..\..\source\SceneManager\Lights\Light.h">
      <Filter>Source Files\Lights</Filter>
    </ClInclude>
    <ClInclude Include="..\..\source\SceneManager\Lights\PointLight.h">
      <Filter>Source Files\Lights</Filter>
    </ClInclude>
    <ClInclude Include="..\..\source\SceneManager\Objects\PointCloud.h">
      <Filter>Source Files\Objects</Filter>
    </ClInclude>
    <ClInclude Include="..\..\source\SceneManager\Material\MaterialParameters.h">
      <Filter>Source Files\Material</Filter>
    </ClInclude>
    <ClInclude Include="..\..\source\SceneManager\Component\Component.h">
      <Filter>Source Files\Component</Filter>
    </ClInclude>
    <ClInclude Include="..\..\source\SceneManager\Properties\Property.h">
      <Filter>Source Files\Properties</Filter>
    </ClInclude>
    <ClInclude Include="..\..\source\SceneManager\Properties\PropertyList.h">
      <Filter>Source Files\Properties</Filter>
    </ClInclude>
    <ClInclude Include="..\..\source\SceneManager\Properties\SelectionListProperty.h">
      <Filter>Source Files\Properties</Filter>
    </ClInclude>
    <ClInclude Include="..\..\source\SceneManager\Properties\TextureProperty.h">
      <Filter>Source Files\Properties</Filter>
    </ClInclude>
    <ClInclude Include="..\..\source\SceneManager\SkyBox\SkyBox.h">
      <Filter>Source Files\SkyBox</Filter>
    </ClInclude>
    <ClInclude Include="..\..\source\SceneManager\Scene\GameplayScenes\TitleScreen.h">
      <Filter>Source Files\Scene\GameplayScenes</Filter>
    </ClInclude>
    <ClInclude Include="..\..\source\SceneManager\Scene\GameplayScenes\CreditScreen.h">
      <Filter>Source Files\Scene\GameplayScenes</Filter>
    </ClInclude>
    <ClInclude Include="..\..\source\SceneManager\Objects\GameplayObjects\MainCharacter.h">
      <Filter>Source Files\Objects\GameplayObjects</Filter>
    </ClInclude>
    <ClInclude Include="..\..\source\SceneManager\Objects\GameplayObjects\GamePlayObject.h">
      <Filter>Source Files\Objects\GameplayObjects</Filter>
    </ClInclude>
    <ClInclude Include="..\..\source\SceneManager\Level\Level.h">
      <Filter>Source Files\Level</Filter>
    </ClInclude>
    <ClInclude Include="..\..\source\SceneManager\Scene\GameplayScenes\PlaceholderLevel.h">
      <Filter>Source Files\Scene\GameplayScenes</Filter>
    </ClInclude>
  </ItemGroup>
  <ItemGroup>
    <ClCompile Include="..\..\source\SceneManager\Objects\Object.cpp">
      <Filter>Source Files\Objects</Filter>
    </ClCompile>
    <ClCompile Include="..\..\source\SceneManager\SceneManager.cpp">
      <Filter>Source Files</Filter>
    </ClCompile>
    <ClCompile Include="..\..\source\SceneManager\Scene\Scene.cpp">
      <Filter>Source Files\Scene</Filter>
    </ClCompile>
    <ClCompile Include="..\..\source\SceneManager\Objects\Mesh.cpp">
      <Filter>Source Files\Objects</Filter>
    </ClCompile>
    <ClCompile Include="..\..\source\SceneManager\Objects\Plane.cpp">
      <Filter>Source Files\Objects</Filter>
    </ClCompile>
    <ClCompile Include="..\..\source\SceneManager\Objects\Sphere.cpp">
      <Filter>Source Files\Objects</Filter>
    </ClCompile>
    <ClCompile Include="..\..\source\SceneManager\Objects\Torus.cpp">
      <Filter>Source Files\Objects</Filter>
    </ClCompile>
    <ClCompile Include="..\..\source\SceneManager\Objects\Cube.cpp">
      <Filter>Source Files\Objects</Filter>
    </ClCompile>
    <ClCompile Include="..\..\source\SceneManager\Camera\Camera.cpp">
      <Filter>Source Files\Camera</Filter>
    </ClCompile>
    <ClCompile Include="..\..\source\SceneManager\Camera\PerspectiveCamera.cpp">
      <Filter>Source Files\Camera</Filter>
    </ClCompile>
    <ClCompile Include="..\..\source\SceneManager\Utilities\Transform.cpp">
      <Filter>Source Files\Utilities</Filter>
    </ClCompile>
    <ClCompile Include="..\..\source\SceneManager\Manager\MaterialManager.cpp">
      <Filter>Source Files\Manager</Filter>
    </ClCompile>
    <ClCompile Include="..\..\source\SceneManager\Manager\ShaderListManager.cpp">
      <Filter>Source Files\Manager</Filter>
    </ClCompile>
    <ClCompile Include="..\..\source\SceneManager\Manager\TextureManager.cpp">
      <Filter>Source Files\Manager</Filter>
    </ClCompile>
    <ClCompile Include="..\..\source\SceneManager\Material\Material.cpp">
      <Filter>Source Files\Material</Filter>
    </ClCompile>
    <ClCompile Include="..\..\source\SceneManager\Manager\GeometryManager.cpp">
      <Filter>Source Files\Manager</Filter>
    </ClCompile>
    <ClCompile Include="..\..\source\SceneManager\Lights\Light.cpp">
      <Filter>Source Files\Lights</Filter>
    </ClCompile>
    <ClCompile Include="..\..\source\SceneManager\Lights\PointLight.cpp">
      <Filter>Source Files\Lights</Filter>
    </ClCompile>
    <ClCompile Include="..\..\source\SceneManager\Objects\PointCloud.cpp">
      <Filter>Source Files\Objects</Filter>
    </ClCompile>
    <ClCompile Include="..\..\source\SceneManager\Component\Component.cpp">
      <Filter>Source Files\Component</Filter>
    </ClCompile>
    <ClCompile Include="..\..\source\SceneManager\Properties\Property.cpp">
      <Filter>Source Files\Properties</Filter>
    </ClCompile>
    <ClCompile Include="..\..\source\SceneManager\Properties\PropertyList.cpp">
      <Filter>Source Files\Properties</Filter>
    </ClCompile>
    <ClCompile Include="..\..\source\SceneManager\Properties\SelectionListProperty.cpp">
      <Filter>Source Files\Properties</Filter>
    </ClCompile>
    <ClCompile Include="..\..\source\SceneManager\Properties\TextureProperty.cpp">
      <Filter>Source Files\Properties</Filter>
    </ClCompile>
    <ClCompile Include="..\..\source\SceneManager\SkyBox\SkyBox.cpp">
      <Filter>Source Files\SkyBox</Filter>
    </ClCompile>
    <ClCompile Include="..\..\source\SceneManager\Scene\GameplayScenes\TitleScreen.cpp">
      <Filter>Source Files\Scene\GameplayScenes</Filter>
    </ClCompile>
    <ClCompile Include="..\..\source\SceneManager\Scene\GameplayScenes\CreditScreen.cpp">
      <Filter>Source Files\Scene\GameplayScenes</Filter>
    </ClCompile>
    <ClCompile Include="..\..\source\SceneManager\Objects\GameplayObjects\MainCharacter.cpp">
      <Filter>Source Files\Objects\GameplayObjects</Filter>
    </ClCompile>
    <ClCompile Include="..\..\source\SceneManager\Objects\GameplayObjects\GamePlayObject.cpp">
      <Filter>Source Files\Objects\GameplayObjects</Filter>
    </ClCompile>
    <ClCompile Include="..\..\source\SceneManager\Level\Level.cpp">
      <Filter>Source Files\Level</Filter>
    </ClCompile>
    <ClCompile Include="..\..\source\SceneManager\Scene\GameplayScenes\PlaceholderLevel.cpp">
      <Filter>Source Files\Scene\GameplayScenes</Filter>
    </ClCompile>
  </ItemGroup>
</Project>